
Microsoft Visual Studio Solution File, Format Version 12.00
# Visual Studio Version 17
VisualStudioVersion = 17.5.33414.496
MinimumVisualStudioVersion = 10.0.40219.1
Project("{FAE04EC0-301F-11D3-BF4B-00C04F79EFBC}") = "Calculator.Android", "Calculator\Calculator.Android\Calculator.Android.csproj", "{31842F7E-D07D-4A19-914C-0083FCE2CD19}"
EndProject
Project("{FAE04EC0-301F-11D3-BF4B-00C04F79EFBC}") = "Calculator.iOS", "Calculator\Calculator.iOS\Calculator.iOS.csproj", "{A9615CA2-D47D-4798-92F3-568CE38B68E4}"
EndProject
Project("{FAE04EC0-301F-11D3-BF4B-00C04F79EFBC}") = "Calculator", "Calculator\Calculator\Calculator.csproj", "{61C2185C-65FE-4DFF-95FA-7268A990993F}"
EndProject
Global
	GlobalSection(SolutionConfigurationPlatforms) = preSolution
		Debug|Any CPU = Debug|Any CPU
		Debug|iPhone = Debug|iPhone
		Debug|iPhoneSimulator = Debug|iPhoneSimulator
		Release|Any CPU = Release|Any CPU
		Release|iPhone = Release|iPhone
		Release|iPhoneSimulator = Release|iPhoneSimulator
	EndGlobalSection
	GlobalSection(ProjectConfigurationPlatforms) = postSolution
		{31842F7E-D07D-4A19-914C-0083FCE2CD19}.Debug|Any CPU.ActiveCfg = Debug|Any CPU
		{31842F7E-D07D-4A19-914C-0083FCE2CD19}.Debug|Any CPU.Build.0 = Debug|Any CPU
		{31842F7E-D07D-4A19-914C-0083FCE2CD19}.Debug|Any CPU.Deploy.0 = Debug|Any CPU
		{31842F7E-D07D-4A19-914C-0083FCE2CD19}.Debug|iPhone.ActiveCfg = Debug|Any CPU
		{31842F7E-D07D-4A19-914C-0083FCE2CD19}.Debug|iPhone.Build.0 = Debug|Any CPU
		{31842F7E-D07D-4A19-914C-0083FCE2CD19}.Debug|iPhone.Deploy.0 = Debug|Any CPU
		{31842F7E-D07D-4A19-914C-0083FCE2CD19}.Debug|iPhoneSimulator.ActiveCfg = Debug|Any CPU
		{31842F7E-D07D-4A19-914C-0083FCE2CD19}.Debug|iPhoneSimulator.Build.0 = Debug|Any CPU
		{31842F7E-D07D-4A19-914C-0083FCE2CD19}.Debug|iPhoneSimulator.Deploy.0 = Debug|Any CPU
		{31842F7E-D07D-4A19-914C-0083FCE2CD19}.Release|Any CPU.ActiveCfg = Release|Any CPU
		{31842F7E-D07D-4A19-914C-0083FCE2CD19}.Release|Any CPU.Build.0 = Release|Any CPU
		{31842F7E-D07D-4A19-914C-0083FCE2CD19}.Release|Any CPU.Deploy.0 = Release|Any CPU
		{31842F7E-D07D-4A19-914C-0083FCE2CD19}.Release|iPhone.ActiveCfg = Release|Any CPU
		{31842F7E-D07D-4A19-914C-0083FCE2CD19}.Release|iPhone.Build.0 = Release|Any CPU
		{31842F7E-D07D-4A19-914C-0083FCE2CD19}.Release|iPhone.Deploy.0 = Release|Any CPU
		{31842F7E-D07D-4A19-914C-0083FCE2CD19}.Release|iPhoneSimulator.ActiveCfg = Release|Any CPU
		{31842F7E-D07D-4A19-914C-0083FCE2CD19}.Release|iPhoneSimulator.Build.0 = Release|Any CPU
		{31842F7E-D07D-4A19-914C-0083FCE2CD19}.Release|iPhoneSimulator.Deploy.0 = Release|Any CPU
		{A9615CA2-D47D-4798-92F3-568CE38B68E4}.Debug|Any CPU.ActiveCfg = Debug|iPhone
		{A9615CA2-D47D-4798-92F3-568CE38B68E4}.Debug|Any CPU.Build.0 = Debug|iPhone
		{A9615CA2-D47D-4798-92F3-568CE38B68E4}.Debug|Any CPU.Deploy.0 = Debug|iPhone
		{A9615CA2-D47D-4798-92F3-568CE38B68E4}.Debug|iPhone.ActiveCfg = Debug|iPhone
		{A9615CA2-D47D-4798-92F3-568CE38B68E4}.Debug|iPhone.Build.0 = Debug|iPhone
		{A9615CA2-D47D-4798-92F3-568CE38B68E4}.Debug|iPhone.Deploy.0 = Debug|iPhone
		{A9615CA2-D47D-4798-92F3-568CE38B68E4}.Debug|iPhoneSimulator.ActiveCfg = Debug|iPhoneSimulator
		{A9615CA2-D47D-4798-92F3-568CE38B68E4}.Debug|iPhoneSimulator.Build.0 = Debug|iPhoneSimulator
		{A9615CA2-D47D-4798-92F3-568CE38B68E4}.Debug|iPhoneSimulator.Deploy.0 = Debug|iPhoneSimulator
		{A9615CA2-D47D-4798-92F3-568CE38B68E4}.Release|Any CPU.ActiveCfg = Release|iPhoneSimulator
		{A9615CA2-D47D-4798-92F3-568CE38B68E4}.Release|Any CPU.Build.0 = Release|iPhoneSimulator
		{A9615CA2-D47D-4798-92F3-568CE38B68E4}.Release|Any CPU.Deploy.0 = Release|iPhoneSimulator
		{A9615CA2-D47D-4798-92F3-568CE38B68E4}.Release|iPhone.ActiveCfg = Release|iPhone
		{A9615CA2-D47D-4798-92F3-568CE38B68E4}.Release|iPhone.Build.0 = Release|iPhone
		{A9615CA2-D47D-4798-92F3-568CE38B68E4}.Release|iPhone.Deploy.0 = Release|iPhone
		{A9615CA2-D47D-4798-92F3-568CE38B68E4}.Release|iPhoneSimulator.ActiveCfg = Release|iPhoneSimulator
		{A9615CA2-D47D-4798-92F3-568CE38B68E4}.Release|iPhoneSimulator.Build.0 = Release|iPhoneSimulator
		{A9615CA2-D47D-4798-92F3-568CE38B68E4}.Release|iPhoneSimulator.Deploy.0 = Release|iPhoneSimulator
		{61C2185C-65FE-4DFF-95FA-7268A990993F}.Debug|Any CPU.ActiveCfg = Debug|Any CPU
		{61C2185C-65FE-4DFF-95FA-7268A990993F}.Debug|Any CPU.Build.0 = Debug|Any CPU
		{61C2185C-65FE-4DFF-95FA-7268A990993F}.Debug|Any CPU.Deploy.0 = Debug|Any CPU
		{61C2185C-65FE-4DFF-95FA-7268A990993F}.Debug|iPhone.ActiveCfg = Debug|Any CPU
		{61C2185C-65FE-4DFF-95FA-7268A990993F}.Debug|iPhone.Build.0 = Debug|Any CPU
		{61C2185C-65FE-4DFF-95FA-7268A990993F}.Debug|iPhone.Deploy.0 = Debug|Any CPU
		{61C2185C-65FE-4DFF-95FA-7268A990993F}.Debug|iPhoneSimulator.ActiveCfg = Debug|Any CPU
		{61C2185C-65FE-4DFF-95FA-7268A990993F}.Debug|iPhoneSimulator.Build.0 = Debug|Any CPU
		{61C2185C-65FE-4DFF-95FA-7268A990993F}.Debug|iPhoneSimulator.Deploy.0 = Debug|Any CPU
		{61C2185C-65FE-4DFF-95FA-7268A990993F}.Release|Any CPU.ActiveCfg = Release|Any CPU
		{61C2185C-65FE-4DFF-95FA-7268A990993F}.Release|Any CPU.Build.0 = Release|Any CPU
		{61C2185C-65FE-4DFF-95FA-7268A990993F}.Release|Any CPU.Deploy.0 = Release|Any CPU
		{61C2185C-65FE-4DFF-95FA-7268A990993F}.Release|iPhone.ActiveCfg = Release|Any CPU
		{61C2185C-65FE-4DFF-95FA-7268A990993F}.Release|iPhone.Build.0 = Release|Any CPU
		{61C2185C-65FE-4DFF-95FA-7268A990993F}.Release|iPhone.Deploy.0 = Release|Any CPU
		{61C2185C-65FE-4DFF-95FA-7268A990993F}.Release|iPhoneSimulator.ActiveCfg = Release|Any CPU
		{61C2185C-65FE-4DFF-95FA-7268A990993F}.Release|iPhoneSimulator.Build.0 = Release|Any CPU
		{61C2185C-65FE-4DFF-95FA-7268A990993F}.Release|iPhoneSimulator.Deploy.0 = Release|Any CPU
	EndGlobalSection
	GlobalSection(SolutionProperties) = preSolution
		HideSolutionNode = FALSE
	EndGlobalSection
	GlobalSection(ExtensibilityGlobals) = postSolution
		SolutionGuid = {D0CC2F4F-BB99-4C1B-A996-F433007079EA}
	EndGlobalSection
EndGlobal
